{
    "name": "golang-app",
    "version": "1.0.0",
    "lockfileVersion": 1,
    "dependencies": {
      "express": {
        "version": "4.18.2",
        "resolved": "https://registry.npmjs.org/express/-/express-4.18.2.tgz",
        "integrity": "sha512-6BfVFnf4ncnZ3LZT9AUs7ZIlpU67LJ7NdIaOBR4K5crHDb4ZrhUG6O1osobPq2z60kBo0SuIkjTC8S3V0WrSxw==",
        "engines": {
          "node": ">= 6.0.0"
        },
        "funding": {
          "type": "github",
          "url": "https://github.com/sponsors/expressjs"
        },
        "dev": true
      }
    },
    "license": "MIT",
    "author": "Kajan Creative",
    "copyright": "Copyright (C) 2024 Kajan Creative. All Rights Reserved."
  }
